
Microsoft Visual Studio Solution File, Format Version 12.00
# Visual Studio Version 16
VisualStudioVersion = 16.0.29123.88
MinimumVisualStudioVersion = 10.0.40219.1
Project("{FAE04EC0-301F-11D3-BF4B-00C04F79EFBC}") = "SimpleLinearRegression", "SimpleLinearRegression\SimpleLinearRegression.csproj", "{221B4AC4-A55E-4933-9F11-277435056740}"
EndProject
Global
	GlobalSection(SolutionConfigurationPlatforms) = preSolution
		Debug|Any CPU = Debug|Any CPU
		Release|Any CPU = Release|Any CPU
	EndGlobalSection
	GlobalSection(ProjectConfigurationPlatforms) = postSolution
		{221B4AC4-A55E-4933-9F11-277435056740}.Debug|Any CPU.ActiveCfg = Debug|Any CPU
		{221B4AC4-A55E-4933-9F11-277435056740}.Debug|Any CPU.Build.0 = Debug|Any CPU
		{221B4AC4-A55E-4933-9F11-277435056740}.Release|Any CPU.ActiveCfg = Release|Any CPU
		{221B4AC4-A55E-4933-9F11-277435056740}.Release|Any CPU.Build.0 = Release|Any CPU
	EndGlobalSection
	GlobalSection(SolutionProperties) = preSolution
		HideSolutionNode = FALSE
	EndGlobalSection
	GlobalSection(ExtensibilityGlobals) = postSolution
		SolutionGuid = {30CEC1B9-E64F-4214-8EAE-A81BFEFE0084}
	EndGlobalSection
EndGlobal
